// !$*UTF8*$!
{
	archiveVersion = 1;
	classes = {
	};
	objectVersion = 56;
	objects = {

/* Begin PBXBuildFile section */
		3F7D953C29B446770079A466 /* AppDelegate.swift in Sources */ = {isa = PBXBuildFile; fileRef = 3F7D953B29B446770079A466 /* AppDelegate.swift */; };
		3F7D953E29B446770079A466 /* SceneDelegate.swift in Sources */ = {isa = PBXBuildFile; fileRef = 3F7D953D29B446770079A466 /* SceneDelegate.swift */; };
		3F7D954029B446770079A466 /* RMTabBarController.swift in Sources */ = {isa = PBXBuildFile; fileRef = 3F7D953F29B446770079A466 /* RMTabBarController.swift */; };
		3F7D954529B446780079A466 /* Assets.xcassets in Resources */ = {isa = PBXBuildFile; fileRef = 3F7D954429B446780079A466 /* Assets.xcassets */; };
		3F7D954829B446780079A466 /* LaunchScreen.storyboard in Resources */ = {isa = PBXBuildFile; fileRef = 3F7D954629B446780079A466 /* LaunchScreen.storyboard */; };
		3F7D955329B446780079A466 /* RickAndMortyTests.swift in Sources */ = {isa = PBXBuildFile; fileRef = 3F7D955229B446780079A466 /* RickAndMortyTests.swift */; };
		3F7D955D29B446780079A466 /* RickAndMortyUITests.swift in Sources */ = {isa = PBXBuildFile; fileRef = 3F7D955C29B446780079A466 /* RickAndMortyUITests.swift */; };
		3F7D955F29B446780079A466 /* RickAndMortyUITestsLaunchTests.swift in Sources */ = {isa = PBXBuildFile; fileRef = 3F7D955E29B446780079A466 /* RickAndMortyUITestsLaunchTests.swift */; };
		3F7D957329B455A60079A466 /* RMLocation.swift in Sources */ = {isa = PBXBuildFile; fileRef = 3F7D957229B455A60079A466 /* RMLocation.swift */; };
		3F7D957529B455C70079A466 /* RMCharacter.swift in Sources */ = {isa = PBXBuildFile; fileRef = 3F7D957429B455C70079A466 /* RMCharacter.swift */; };
		3F7D957729B455D60079A466 /* RMEpisode.swift in Sources */ = {isa = PBXBuildFile; fileRef = 3F7D957629B455D60079A466 /* RMEpisode.swift */; };
		3F7D957A29B456DD0079A466 /* RMCharactersViewController.swift in Sources */ = {isa = PBXBuildFile; fileRef = 3F7D957929B456DD0079A466 /* RMCharactersViewController.swift */; };
		3F7D957C29B457150079A466 /* RMLocationViewController.swift in Sources */ = {isa = PBXBuildFile; fileRef = 3F7D957B29B457150079A466 /* RMLocationViewController.swift */; };
		3F7D957E29B457390079A466 /* RMEpisodeViewController.swift in Sources */ = {isa = PBXBuildFile; fileRef = 3F7D957D29B457390079A466 /* RMEpisodeViewController.swift */; };
		3F7D958029B457530079A466 /* RMSettingsViewController.swift in Sources */ = {isa = PBXBuildFile; fileRef = 3F7D957F29B457530079A466 /* RMSettingsViewController.swift */; };
		3F7D958229B46ACE0079A466 /* RMService.swift in Sources */ = {isa = PBXBuildFile; fileRef = 3F7D958129B46ACE0079A466 /* RMService.swift */; };
		3F7D958429B46AF10079A466 /* RMRequest.swift in Sources */ = {isa = PBXBuildFile; fileRef = 3F7D958329B46AF10079A466 /* RMRequest.swift */; };
		3F7D958629B46BB80079A466 /* RMEndpoint.swift in Sources */ = {isa = PBXBuildFile; fileRef = 3F7D958529B46BB80079A466 /* RMEndpoint.swift */; };
		3F7D958829B4E7B30079A466 /* RMOrigin.swift in Sources */ = {isa = PBXBuildFile; fileRef = 3F7D958729B4E7B30079A466 /* RMOrigin.swift */; };
		3F7D958A29B4E84E0079A466 /* RMSingleLocation.swift in Sources */ = {isa = PBXBuildFile; fileRef = 3F7D958929B4E84E0079A466 /* RMSingleLocation.swift */; };
		3F7D958C29B4E96E0079A466 /* RMCharacterStatus.swift in Sources */ = {isa = PBXBuildFile; fileRef = 3F7D958B29B4E96E0079A466 /* RMCharacterStatus.swift */; };
		3F7D958E29B4EA380079A466 /* RMCharacterGender.swift in Sources */ = {isa = PBXBuildFile; fileRef = 3F7D958D29B4EA380079A466 /* RMCharacterGender.swift */; };
		3F7D959229B51F610079A466 /* RMGetCharacterResponse.swift in Sources */ = {isa = PBXBuildFile; fileRef = 3F7D959129B51F610079A466 /* RMGetCharacterResponse.swift */; };
/* End PBXBuildFile section */

/* Begin PBXContainerItemProxy section */
		3F7D954F29B446780079A466 /* PBXContainerItemProxy */ = {
			isa = PBXContainerItemProxy;
			containerPortal = 3F7D953029B446770079A466 /* Project object */;
			proxyType = 1;
			remoteGlobalIDString = 3F7D953729B446770079A466;
			remoteInfo = RickAndMorty;
		};
		3F7D955929B446780079A466 /* PBXContainerItemProxy */ = {
			isa = PBXContainerItemProxy;
			containerPortal = 3F7D953029B446770079A466 /* Project object */;
			proxyType = 1;
			remoteGlobalIDString = 3F7D953729B446770079A466;
			remoteInfo = RickAndMorty;
		};
/* End PBXContainerItemProxy section */

/* Begin PBXFileReference section */
		3F7D953829B446770079A466 /* RickAndMorty.app */ = {isa = PBXFileReference; explicitFileType = wrapper.application; includeInIndex = 0; path = RickAndMorty.app; sourceTree = BUILT_PRODUCTS_DIR; };
		3F7D953B29B446770079A466 /* AppDelegate.swift */ = {isa = PBXFileReference; lastKnownFileType = sourcecode.swift; path = AppDelegate.swift; sourceTree = "<group>"; };
		3F7D953D29B446770079A466 /* SceneDelegate.swift */ = {isa = PBXFileReference; lastKnownFileType = sourcecode.swift; path = SceneDelegate.swift; sourceTree = "<group>"; };
		3F7D953F29B446770079A466 /* RMTabBarController.swift */ = {isa = PBXFileReference; lastKnownFileType = sourcecode.swift; path = RMTabBarController.swift; sourceTree = "<group>"; };
		3F7D954429B446780079A466 /* Assets.xcassets */ = {isa = PBXFileReference; lastKnownFileType = folder.assetcatalog; path = Assets.xcassets; sourceTree = "<group>"; };
		3F7D954729B446780079A466 /* Base */ = {isa = PBXFileReference; lastKnownFileType = file.storyboard; name = Base; path = Base.lproj/LaunchScreen.storyboard; sourceTree = "<group>"; };
		3F7D954929B446780079A466 /* Info.plist */ = {isa = PBXFileReference; lastKnownFileType = text.plist.xml; path = Info.plist; sourceTree = "<group>"; };
		3F7D954E29B446780079A466 /* RickAndMortyTests.xctest */ = {isa = PBXFileReference; explicitFileType = wrapper.cfbundle; includeInIndex = 0; path = RickAndMortyTests.xctest; sourceTree = BUILT_PRODUCTS_DIR; };
		3F7D955229B446780079A466 /* RickAndMortyTests.swift */ = {isa = PBXFileReference; lastKnownFileType = sourcecode.swift; path = RickAndMortyTests.swift; sourceTree = "<group>"; };
		3F7D955829B446780079A466 /* RickAndMortyUITests.xctest */ = {isa = PBXFileReference; explicitFileType = wrapper.cfbundle; includeInIndex = 0; path = RickAndMortyUITests.xctest; sourceTree = BUILT_PRODUCTS_DIR; };
		3F7D955C29B446780079A466 /* RickAndMortyUITests.swift */ = {isa = PBXFileReference; lastKnownFileType = sourcecode.swift; path = RickAndMortyUITests.swift; sourceTree = "<group>"; };
		3F7D955E29B446780079A466 /* RickAndMortyUITestsLaunchTests.swift */ = {isa = PBXFileReference; lastKnownFileType = sourcecode.swift; path = RickAndMortyUITestsLaunchTests.swift; sourceTree = "<group>"; };
		3F7D957229B455A60079A466 /* RMLocation.swift */ = {isa = PBXFileReference; lastKnownFileType = sourcecode.swift; path = RMLocation.swift; sourceTree = "<group>"; };
		3F7D957429B455C70079A466 /* RMCharacter.swift */ = {isa = PBXFileReference; lastKnownFileType = sourcecode.swift; path = RMCharacter.swift; sourceTree = "<group>"; };
		3F7D957629B455D60079A466 /* RMEpisode.swift */ = {isa = PBXFileReference; lastKnownFileType = sourcecode.swift; path = RMEpisode.swift; sourceTree = "<group>"; };
		3F7D957929B456DD0079A466 /* RMCharactersViewController.swift */ = {isa = PBXFileReference; lastKnownFileType = sourcecode.swift; path = RMCharactersViewController.swift; sourceTree = "<group>"; };
		3F7D957B29B457150079A466 /* RMLocationViewController.swift */ = {isa = PBXFileReference; lastKnownFileType = sourcecode.swift; path = RMLocationViewController.swift; sourceTree = "<group>"; };
		3F7D957D29B457390079A466 /* RMEpisodeViewController.swift */ = {isa = PBXFileReference; lastKnownFileType = sourcecode.swift; path = RMEpisodeViewController.swift; sourceTree = "<group>"; };
		3F7D957F29B457530079A466 /* RMSettingsViewController.swift */ = {isa = PBXFileReference; lastKnownFileType = sourcecode.swift; path = RMSettingsViewController.swift; sourceTree = "<group>"; };
		3F7D958129B46ACE0079A466 /* RMService.swift */ = {isa = PBXFileReference; lastKnownFileType = sourcecode.swift; path = RMService.swift; sourceTree = "<group>"; };
		3F7D958329B46AF10079A466 /* RMRequest.swift */ = {isa = PBXFileReference; lastKnownFileType = sourcecode.swift; path = RMRequest.swift; sourceTree = "<group>"; };
		3F7D958529B46BB80079A466 /* RMEndpoint.swift */ = {isa = PBXFileReference; lastKnownFileType = sourcecode.swift; path = RMEndpoint.swift; sourceTree = "<group>"; };
		3F7D958729B4E7B30079A466 /* RMOrigin.swift */ = {isa = PBXFileReference; lastKnownFileType = sourcecode.swift; path = RMOrigin.swift; sourceTree = "<group>"; };
		3F7D958929B4E84E0079A466 /* RMSingleLocation.swift */ = {isa = PBXFileReference; lastKnownFileType = sourcecode.swift; path = RMSingleLocation.swift; sourceTree = "<group>"; };
		3F7D958B29B4E96E0079A466 /* RMCharacterStatus.swift */ = {isa = PBXFileReference; lastKnownFileType = sourcecode.swift; path = RMCharacterStatus.swift; sourceTree = "<group>"; };
		3F7D958D29B4EA380079A466 /* RMCharacterGender.swift */ = {isa = PBXFileReference; lastKnownFileType = sourcecode.swift; path = RMCharacterGender.swift; sourceTree = "<group>"; };
		3F7D959129B51F610079A466 /* RMGetCharacterResponse.swift */ = {isa = PBXFileReference; lastKnownFileType = sourcecode.swift; path = RMGetCharacterResponse.swift; sourceTree = "<group>"; };
/* End PBXFileReference section */

/* Begin PBXFrameworksBuildPhase section */
		3F7D953529B446770079A466 /* Frameworks */ = {
			isa = PBXFrameworksBuildPhase;
			buildActionMask = 2147483647;
			files = (
			);
			runOnlyForDeploymentPostprocessing = 0;
		};
		3F7D954B29B446780079A466 /* Frameworks */ = {
			isa = PBXFrameworksBuildPhase;
			buildActionMask = 2147483647;
			files = (
			);
			runOnlyForDeploymentPostprocessing = 0;
		};
		3F7D955529B446780079A466 /* Frameworks */ = {
			isa = PBXFrameworksBuildPhase;
			buildActionMask = 2147483647;
			files = (
			);
			runOnlyForDeploymentPostprocessing = 0;
		};
/* End PBXFrameworksBuildPhase section */

/* Begin PBXGroup section */
		3F7D952F29B446770079A466 = {
			isa = PBXGroup;
			children = (
				3F7D953A29B446770079A466 /* RickAndMorty */,
				3F7D955129B446780079A466 /* RickAndMortyTests */,
				3F7D955B29B446780079A466 /* RickAndMortyUITests */,
				3F7D953929B446770079A466 /* Products */,
			);
			sourceTree = "<group>";
		};
		3F7D953929B446770079A466 /* Products */ = {
			isa = PBXGroup;
			children = (
				3F7D953829B446770079A466 /* RickAndMorty.app */,
				3F7D954E29B446780079A466 /* RickAndMortyTests.xctest */,
				3F7D955829B446780079A466 /* RickAndMortyUITests.xctest */,
			);
			name = Products;
			sourceTree = "<group>";
		};
		3F7D953A29B446770079A466 /* RickAndMorty */ = {
			isa = PBXGroup;
			children = (
				3F7D957129B44EED0079A466 /* Resources */,
				3F7D957029B44EDE0079A466 /* Managers */,
				3F7D956F29B44EC60079A466 /* APIClient */,
				3F7D956E29B44EAA0079A466 /* VIewModels */,
				3F7D956D29B44E980079A466 /* Models */,
				3F7D956C29B44E900079A466 /* Views */,
				3F7D956B29B44E760079A466 /* Controllers */,
				3F7D954929B446780079A466 /* Info.plist */,
			);
			path = RickAndMorty;
			sourceTree = "<group>";
		};
		3F7D955129B446780079A466 /* RickAndMortyTests */ = {
			isa = PBXGroup;
			children = (
				3F7D955229B446780079A466 /* RickAndMortyTests.swift */,
			);
			path = RickAndMortyTests;
			sourceTree = "<group>";
		};
		3F7D955B29B446780079A466 /* RickAndMortyUITests */ = {
			isa = PBXGroup;
			children = (
				3F7D955C29B446780079A466 /* RickAndMortyUITests.swift */,
				3F7D955E29B446780079A466 /* RickAndMortyUITestsLaunchTests.swift */,
			);
			path = RickAndMortyUITests;
			sourceTree = "<group>";
		};
		3F7D956B29B44E760079A466 /* Controllers */ = {
			isa = PBXGroup;
			children = (
				3F7D957829B456660079A466 /* Core */,
			);
			path = Controllers;
			sourceTree = "<group>";
		};
		3F7D956C29B44E900079A466 /* Views */ = {
			isa = PBXGroup;
			children = (
			);
			path = Views;
			sourceTree = "<group>";
		};
		3F7D956D29B44E980079A466 /* Models */ = {
			isa = PBXGroup;
			children = (
				3F7D959029B51F320079A466 /* APIResponseTypes */,
				3F7D958F29B51F1B0079A466 /* Data Types */,
			);
			path = Models;
			sourceTree = "<group>";
		};
		3F7D956E29B44EAA0079A466 /* VIewModels */ = {
			isa = PBXGroup;
			children = (
			);
			path = VIewModels;
			sourceTree = "<group>";
		};
		3F7D956F29B44EC60079A466 /* APIClient */ = {
			isa = PBXGroup;
			children = (
				3F7D958329B46AF10079A466 /* RMRequest.swift */,
				3F7D958529B46BB80079A466 /* RMEndpoint.swift */,
				3F7D958129B46ACE0079A466 /* RMService.swift */,
			);
			path = APIClient;
			sourceTree = "<group>";
		};
		3F7D957029B44EDE0079A466 /* Managers */ = {
			isa = PBXGroup;
			children = (
			);
			path = Managers;
			sourceTree = "<group>";
		};
		3F7D957129B44EED0079A466 /* Resources */ = {
			isa = PBXGroup;
			children = (
				3F7D954429B446780079A466 /* Assets.xcassets */,
				3F7D954629B446780079A466 /* LaunchScreen.storyboard */,
				3F7D953B29B446770079A466 /* AppDelegate.swift */,
				3F7D953D29B446770079A466 /* SceneDelegate.swift */,
			);
			path = Resources;
			sourceTree = "<group>";
		};
		3F7D957829B456660079A466 /* Core */ = {
			isa = PBXGroup;
			children = (
				3F7D953F29B446770079A466 /* RMTabBarController.swift */,
				3F7D957929B456DD0079A466 /* RMCharactersViewController.swift */,
				3F7D957B29B457150079A466 /* RMLocationViewController.swift */,
				3F7D957D29B457390079A466 /* RMEpisodeViewController.swift */,
				3F7D957F29B457530079A466 /* RMSettingsViewController.swift */,
			);
			path = Core;
			sourceTree = "<group>";
		};
		3F7D958F29B51F1B0079A466 /* Data Types */ = {
			isa = PBXGroup;
			children = (
				3F7D957229B455A60079A466 /* RMLocation.swift */,
				3F7D957429B455C70079A466 /* RMCharacter.swift */,
				3F7D957629B455D60079A466 /* RMEpisode.swift */,
				3F7D958729B4E7B30079A466 /* RMOrigin.swift */,
				3F7D958929B4E84E0079A466 /* RMSingleLocation.swift */,
				3F7D958B29B4E96E0079A466 /* RMCharacterStatus.swift */,
				3F7D958D29B4EA380079A466 /* RMCharacterGender.swift */,
			);
			path = "Data Types";
			sourceTree = "<group>";
		};
		3F7D959029B51F320079A466 /* APIResponseTypes */ = {
			isa = PBXGroup;
			children = (
				3F7D959129B51F610079A466 /* RMGetCharacterResponse.swift */,
			);
			path = APIResponseTypes;
			sourceTree = "<group>";
		};
/* End PBXGroup section */

/* Begin PBXNativeTarget section */
		3F7D953729B446770079A466 /* RickAndMorty */ = {
			isa = PBXNativeTarget;
			buildConfigurationList = 3F7D956229B446780079A466 /* Build configuration list for PBXNativeTarget "RickAndMorty" */;
			buildPhases = (
				3F7D953429B446770079A466 /* Sources */,
				3F7D953529B446770079A466 /* Frameworks */,
				3F7D953629B446770079A466 /* Resources */,
			);
			buildRules = (
			);
			dependencies = (
			);
			name = RickAndMorty;
			productName = RickAndMorty;
			productReference = 3F7D953829B446770079A466 /* RickAndMorty.app */;
			productType = "com.apple.product-type.application";
		};
		3F7D954D29B446780079A466 /* RickAndMortyTests */ = {
			isa = PBXNativeTarget;
			buildConfigurationList = 3F7D956529B446780079A466 /* Build configuration list for PBXNativeTarget "RickAndMortyTests" */;
			buildPhases = (
				3F7D954A29B446780079A466 /* Sources */,
				3F7D954B29B446780079A466 /* Frameworks */,
				3F7D954C29B446780079A466 /* Resources */,
			);
			buildRules = (
			);
			dependencies = (
				3F7D955029B446780079A466 /* PBXTargetDependency */,
			);
			name = RickAndMortyTests;
			productName = RickAndMortyTests;
			productReference = 3F7D954E29B446780079A466 /* RickAndMortyTests.xctest */;
			productType = "com.apple.product-type.bundle.unit-test";
		};
		3F7D955729B446780079A466 /* RickAndMortyUITests */ = {
			isa = PBXNativeTarget;
			buildConfigurationList = 3F7D956829B446780079A466 /* Build configuration list for PBXNativeTarget "RickAndMortyUITests" */;
			buildPhases = (
				3F7D955429B446780079A466 /* Sources */,
				3F7D955529B446780079A466 /* Frameworks */,
				3F7D955629B446780079A466 /* Resources */,
			);
			buildRules = (
			);
			dependencies = (
				3F7D955A29B446780079A466 /* PBXTargetDependency */,
			);
			name = RickAndMortyUITests;
			productName = RickAndMortyUITests;
			productReference = 3F7D955829B446780079A466 /* RickAndMortyUITests.xctest */;
			productType = "com.apple.product-type.bundle.ui-testing";
		};
/* End PBXNativeTarget section */

/* Begin PBXProject section */
		3F7D953029B446770079A466 /* Project object */ = {
			isa = PBXProject;
			attributes = {
				BuildIndependentTargetsInParallel = 1;
				LastSwiftUpdateCheck = 1420;
				LastUpgradeCheck = 1420;
				TargetAttributes = {
					3F7D953729B446770079A466 = {
						CreatedOnToolsVersion = 14.2;
					};
					3F7D954D29B446780079A466 = {
						CreatedOnToolsVersion = 14.2;
						TestTargetID = 3F7D953729B446770079A466;
					};
					3F7D955729B446780079A466 = {
						CreatedOnToolsVersion = 14.2;
						TestTargetID = 3F7D953729B446770079A466;
					};
				};
			};
			buildConfigurationList = 3F7D953329B446770079A466 /* Build configuration list for PBXProject "RickAndMorty" */;
			compatibilityVersion = "Xcode 14.0";
			developmentRegion = en;
			hasScannedForEncodings = 0;
			knownRegions = (
				en,
				Base,
			);
			mainGroup = 3F7D952F29B446770079A466;
			productRefGroup = 3F7D953929B446770079A466 /* Products */;
			projectDirPath = "";
			projectRoot = "";
			targets = (
				3F7D953729B446770079A466 /* RickAndMorty */,
				3F7D954D29B446780079A466 /* RickAndMortyTests */,
				3F7D955729B446780079A466 /* RickAndMortyUITests */,
			);
		};
/* End PBXProject section */

/* Begin PBXResourcesBuildPhase section */
		3F7D953629B446770079A466 /* Resources */ = {
			isa = PBXResourcesBuildPhase;
			buildActionMask = 2147483647;
			files = (
				3F7D954829B446780079A466 /* LaunchScreen.storyboard in Resources */,
				3F7D954529B446780079A466 /* Assets.xcassets in Resources */,
			);
			runOnlyForDeploymentPostprocessing = 0;
		};
		3F7D954C29B446780079A466 /* Resources */ = {
			isa = PBXResourcesBuildPhase;
			buildActionMask = 2147483647;
			files = (
			);
			runOnlyForDeploymentPostprocessing = 0;
		};
		3F7D955629B446780079A466 /* Resources */ = {
			isa = PBXResourcesBuildPhase;
			buildActionMask = 2147483647;
			files = (
			);
			runOnlyForDeploymentPostprocessing = 0;
		};
/* End PBXResourcesBuildPhase section */

/* Begin PBXSourcesBuildPhase section */
		3F7D953429B446770079A466 /* Sources */ = {
			isa = PBXSourcesBuildPhase;
			buildActionMask = 2147483647;
			files = (
				3F7D958829B4E7B30079A466 /* RMOrigin.swift in Sources */,
				3F7D958A29B4E84E0079A466 /* RMSingleLocation.swift in Sources */,
				3F7D958C29B4E96E0079A466 /* RMCharacterStatus.swift in Sources */,
				3F7D958E29B4EA380079A466 /* RMCharacterGender.swift in Sources */,
				3F7D957C29B457150079A466 /* RMLocationViewController.swift in Sources */,
				3F7D957729B455D60079A466 /* RMEpisode.swift in Sources */,
				3F7D954029B446770079A466 /* RMTabBarController.swift in Sources */,
				3F7D957E29B457390079A466 /* RMEpisodeViewController.swift in Sources */,
				3F7D953C29B446770079A466 /* AppDelegate.swift in Sources */,
				3F7D953E29B446770079A466 /* SceneDelegate.swift in Sources */,
				3F7D958029B457530079A466 /* RMSettingsViewController.swift in Sources */,
				3F7D958229B46ACE0079A466 /* RMService.swift in Sources */,
				3F7D957329B455A60079A466 /* RMLocation.swift in Sources */,
				3F7D958629B46BB80079A466 /* RMEndpoint.swift in Sources */,
				3F7D957529B455C70079A466 /* RMCharacter.swift in Sources */,
				3F7D958429B46AF10079A466 /* RMRequest.swift in Sources */,
				3F7D959229B51F610079A466 /* RMGetCharacterResponse.swift in Sources */,
				3F7D957A29B456DD0079A466 /* RMCharactersViewController.swift in Sources */,
			);
			runOnlyForDeploymentPostprocessing = 0;
		};
		3F7D954A29B446780079A466 /* Sources */ = {
			isa = PBXSourcesBuildPhase;
			buildActionMask = 2147483647;
			files = (
				3F7D955329B446780079A466 /* RickAndMortyTests.swift in Sources */,
			);
			runOnlyForDeploymentPostprocessing = 0;
		};
		3F7D955429B446780079A466 /* Sources */ = {
			isa = PBXSourcesBuildPhase;
			buildActionMask = 2147483647;
			files = (
				3F7D955D29B446780079A466 /* RickAndMortyUITests.swift in Sources */,
				3F7D955F29B446780079A466 /* RickAndMortyUITestsLaunchTests.swift in Sources */,
			);
			runOnlyForDeploymentPostprocessing = 0;
		};
/* End PBXSourcesBuildPhase section */

/* Begin PBXTargetDependency section */
		3F7D955029B446780079A466 /* PBXTargetDependency */ = {
			isa = PBXTargetDependency;
			target = 3F7D953729B446770079A466 /* RickAndMorty */;
			targetProxy = 3F7D954F29B446780079A466 /* PBXContainerItemProxy */;
		};
		3F7D955A29B446780079A466 /* PBXTargetDependency */ = {
			isa = PBXTargetDependency;
			target = 3F7D953729B446770079A466 /* RickAndMorty */;
			targetProxy = 3F7D955929B446780079A466 /* PBXContainerItemProxy */;
		};
/* End PBXTargetDependency section */

/* Begin PBXVariantGroup section */
		3F7D954629B446780079A466 /* LaunchScreen.storyboard */ = {
			isa = PBXVariantGroup;
			children = (
				3F7D954729B446780079A466 /* Base */,
			);
			name = LaunchScreen.storyboard;
			sourceTree = "<group>";
		};
/* End PBXVariantGroup section */

/* Begin XCBuildConfiguration section */
		3F7D956029B446780079A466 /* Debug */ = {
			isa = XCBuildConfiguration;
			buildSettings = {
				ALWAYS_SEARCH_USER_PATHS = NO;
				CLANG_ANALYZER_NONNULL = YES;
				CLANG_ANALYZER_NUMBER_OBJECT_CONVERSION = YES_AGGRESSIVE;
				CLANG_CXX_LANGUAGE_STANDARD = "gnu++20";
				CLANG_ENABLE_MODULES = YES;
				CLANG_ENABLE_OBJC_ARC = YES;
				CLANG_ENABLE_OBJC_WEAK = YES;
				CLANG_WARN_BLOCK_CAPTURE_AUTORELEASING = YES;
				CLANG_WARN_BOOL_CONVERSION = YES;
				CLANG_WARN_COMMA = YES;
				CLANG_WARN_CONSTANT_CONVERSION = YES;
				CLANG_WARN_DEPRECATED_OBJC_IMPLEMENTATIONS = YES;
				CLANG_WARN_DIRECT_OBJC_ISA_USAGE = YES_ERROR;
				CLANG_WARN_DOCUMENTATION_COMMENTS = YES;
				CLANG_WARN_EMPTY_BODY = YES;
				CLANG_WARN_ENUM_CONVERSION = YES;
				CLANG_WARN_INFINITE_RECURSION = YES;
				CLANG_WARN_INT_CONVERSION = YES;
				CLANG_WARN_NON_LITERAL_NULL_CONVERSION = YES;
				CLANG_WARN_OBJC_IMPLICIT_RETAIN_SELF = YES;
				CLANG_WARN_OBJC_LITERAL_CONVERSION = YES;
				CLANG_WARN_OBJC_ROOT_CLASS = YES_ERROR;
				CLANG_WARN_QUOTED_INCLUDE_IN_FRAMEWORK_HEADER = YES;
				CLANG_WARN_RANGE_LOOP_ANALYSIS = YES;
				CLANG_WARN_STRICT_PROTOTYPES = YES;
				CLANG_WARN_SUSPICIOUS_MOVE = YES;
				CLANG_WARN_UNGUARDED_AVAILABILITY = YES_AGGRESSIVE;
				CLANG_WARN_UNREACHABLE_CODE = YES;
				CLANG_WARN__DUPLICATE_METHOD_MATCH = YES;
				COPY_PHASE_STRIP = NO;
				DEBUG_INFORMATION_FORMAT = dwarf;
				ENABLE_STRICT_OBJC_MSGSEND = YES;
				ENABLE_TESTABILITY = YES;
				GCC_C_LANGUAGE_STANDARD = gnu11;
				GCC_DYNAMIC_NO_PIC = NO;
				GCC_NO_COMMON_BLOCKS = YES;
				GCC_OPTIMIZATION_LEVEL = 0;
				GCC_PREPROCESSOR_DEFINITIONS = (
					"DEBUG=1",
					"$(inherited)",
				);
				GCC_WARN_64_TO_32_BIT_CONVERSION = YES;
				GCC_WARN_ABOUT_RETURN_TYPE = YES_ERROR;
				GCC_WARN_UNDECLARED_SELECTOR = YES;
				GCC_WARN_UNINITIALIZED_AUTOS = YES_AGGRESSIVE;
				GCC_WARN_UNUSED_FUNCTION = YES;
				GCC_WARN_UNUSED_VARIABLE = YES;
				IPHONEOS_DEPLOYMENT_TARGET = 16.2;
				MTL_ENABLE_DEBUG_INFO = INCLUDE_SOURCE;
				MTL_FAST_MATH = YES;
				ONLY_ACTIVE_ARCH = YES;
				SDKROOT = iphoneos;
				SWIFT_ACTIVE_COMPILATION_CONDITIONS = DEBUG;
				SWIFT_OPTIMIZATION_LEVEL = "-Onone";
			};
			name = Debug;
		};
		3F7D956129B446780079A466 /* Release */ = {
			isa = XCBuildConfiguration;
			buildSettings = {
				ALWAYS_SEARCH_USER_PATHS = NO;
				CLANG_ANALYZER_NONNULL = YES;
				CLANG_ANALYZER_NUMBER_OBJECT_CONVERSION = YES_AGGRESSIVE;
				CLANG_CXX_LANGUAGE_STANDARD = "gnu++20";
				CLANG_ENABLE_MODULES = YES;
				CLANG_ENABLE_OBJC_ARC = YES;
				CLANG_ENABLE_OBJC_WEAK = YES;
				CLANG_WARN_BLOCK_CAPTURE_AUTORELEASING = YES;
				CLANG_WARN_BOOL_CONVERSION = YES;
				CLANG_WARN_COMMA = YES;
				CLANG_WARN_CONSTANT_CONVERSION = YES;
				CLANG_WARN_DEPRECATED_OBJC_IMPLEMENTATIONS = YES;
				CLANG_WARN_DIRECT_OBJC_ISA_USAGE = YES_ERROR;
				CLANG_WARN_DOCUMENTATION_COMMENTS = YES;
				CLANG_WARN_EMPTY_BODY = YES;
				CLANG_WARN_ENUM_CONVERSION = YES;
				CLANG_WARN_INFINITE_RECURSION = YES;
				CLANG_WARN_INT_CONVERSION = YES;
				CLANG_WARN_NON_LITERAL_NULL_CONVERSION = YES;
				CLANG_WARN_OBJC_IMPLICIT_RETAIN_SELF = YES;
				CLANG_WARN_OBJC_LITERAL_CONVERSION = YES;
				CLANG_WARN_OBJC_ROOT_CLASS = YES_ERROR;
				CLANG_WARN_QUOTED_INCLUDE_IN_FRAMEWORK_HEADER = YES;
				CLANG_WARN_RANGE_LOOP_ANALYSIS = YES;
				CLANG_WARN_STRICT_PROTOTYPES = YES;
				CLANG_WARN_SUSPICIOUS_MOVE = YES;
				CLANG_WARN_UNGUARDED_AVAILABILITY = YES_AGGRESSIVE;
				CLANG_WARN_UNREACHABLE_CODE = YES;
				CLANG_WARN__DUPLICATE_METHOD_MATCH = YES;
				COPY_PHASE_STRIP = NO;
				DEBUG_INFORMATION_FORMAT = "dwarf-with-dsym";
				ENABLE_NS_ASSERTIONS = NO;
				ENABLE_STRICT_OBJC_MSGSEND = YES;
				GCC_C_LANGUAGE_STANDARD = gnu11;
				GCC_NO_COMMON_BLOCKS = YES;
				GCC_WARN_64_TO_32_BIT_CONVERSION = YES;
				GCC_WARN_ABOUT_RETURN_TYPE = YES_ERROR;
				GCC_WARN_UNDECLARED_SELECTOR = YES;
				GCC_WARN_UNINITIALIZED_AUTOS = YES_AGGRESSIVE;
				GCC_WARN_UNUSED_FUNCTION = YES;
				GCC_WARN_UNUSED_VARIABLE = YES;
				IPHONEOS_DEPLOYMENT_TARGET = 16.2;
				MTL_ENABLE_DEBUG_INFO = NO;
				MTL_FAST_MATH = YES;
				SDKROOT = iphoneos;
				SWIFT_COMPILATION_MODE = wholemodule;
				SWIFT_OPTIMIZATION_LEVEL = "-O";
				VALIDATE_PRODUCT = YES;
			};
			name = Release;
		};
		3F7D956329B446780079A466 /* Debug */ = {
			isa = XCBuildConfiguration;
			buildSettings = {
				ASSETCATALOG_COMPILER_APPICON_NAME = AppIcon;
				ASSETCATALOG_COMPILER_GLOBAL_ACCENT_COLOR_NAME = AccentColor;
				CODE_SIGN_STYLE = Automatic;
				CURRENT_PROJECT_VERSION = 1;
				GENERATE_INFOPLIST_FILE = YES;
				INFOPLIST_FILE = RickAndMorty/Info.plist;
				INFOPLIST_KEY_UIApplicationSupportsIndirectInputEvents = YES;
				INFOPLIST_KEY_UILaunchStoryboardName = LaunchScreen;
				INFOPLIST_KEY_UISupportedInterfaceOrientations_iPad = "UIInterfaceOrientationPortrait UIInterfaceOrientationPortraitUpsideDown UIInterfaceOrientationLandscapeLeft UIInterfaceOrientationLandscapeRight";
				INFOPLIST_KEY_UISupportedInterfaceOrientations_iPhone = "UIInterfaceOrientationPortrait UIInterfaceOrientationLandscapeLeft UIInterfaceOrientationLandscapeRight";
				LD_RUNPATH_SEARCH_PATHS = (
					"$(inherited)",
					"@executable_path/Frameworks",
				);
				MARKETING_VERSION = 1.0;
				PRODUCT_BUNDLE_IDENTIFIER = com.andy.RickAndMorty;
				PRODUCT_NAME = "$(TARGET_NAME)";
				SWIFT_EMIT_LOC_STRINGS = YES;
				SWIFT_VERSION = 5.0;
				TARGETED_DEVICE_FAMILY = "1,2";
			};
			name = Debug;
		};
		3F7D956429B446780079A466 /* Release */ = {
			isa = XCBuildConfiguration;
			buildSettings = {
				ASSETCATALOG_COMPILER_APPICON_NAME = AppIcon;
				ASSETCATALOG_COMPILER_GLOBAL_ACCENT_COLOR_NAME = AccentColor;
				CODE_SIGN_STYLE = Automatic;
				CURRENT_PROJECT_VERSION = 1;
				GENERATE_INFOPLIST_FILE = YES;
				INFOPLIST_FILE = RickAndMorty/Info.plist;
				INFOPLIST_KEY_UIApplicationSupportsIndirectInputEvents = YES;
				INFOPLIST_KEY_UILaunchStoryboardName = LaunchScreen;
				INFOPLIST_KEY_UISupportedInterfaceOrientations_iPad = "UIInterfaceOrientationPortrait UIInterfaceOrientationPortraitUpsideDown UIInterfaceOrientationLandscapeLeft UIInterfaceOrientationLandscapeRight";
				INFOPLIST_KEY_UISupportedInterfaceOrientations_iPhone = "UIInterfaceOrientationPortrait UIInterfaceOrientationLandscapeLeft UIInterfaceOrientationLandscapeRight";
				LD_RUNPATH_SEARCH_PATHS = (
					"$(inherited)",
					"@executable_path/Frameworks",
				);
				MARKETING_VERSION = 1.0;
				PRODUCT_BUNDLE_IDENTIFIER = com.andy.RickAndMorty;
				PRODUCT_NAME = "$(TARGET_NAME)";
				SWIFT_EMIT_LOC_STRINGS = YES;
				SWIFT_VERSION = 5.0;
				TARGETED_DEVICE_FAMILY = "1,2";
			};
			name = Release;
		};
		3F7D956629B446780079A466 /* Debug */ = {
			isa = XCBuildConfiguration;
			buildSettings = {
				ALWAYS_EMBED_SWIFT_STANDARD_LIBRARIES = YES;
				BUNDLE_LOADER = "$(TEST_HOST)";
				CODE_SIGN_STYLE = Automatic;
				CURRENT_PROJECT_VERSION = 1;
				GENERATE_INFOPLIST_FILE = YES;
				IPHONEOS_DEPLOYMENT_TARGET = 16.2;
				MARKETING_VERSION = 1.0;
				PRODUCT_BUNDLE_IDENTIFIER = com.andy.RickAndMortyTests;
				PRODUCT_NAME = "$(TARGET_NAME)";
				SWIFT_EMIT_LOC_STRINGS = NO;
				SWIFT_VERSION = 5.0;
				TARGETED_DEVICE_FAMILY = "1,2";
				TEST_HOST = "$(BUILT_PRODUCTS_DIR)/RickAndMorty.app/$(BUNDLE_EXECUTABLE_FOLDER_PATH)/RickAndMorty";
			};
			name = Debug;
		};
		3F7D956729B446780079A466 /* Release */ = {
			isa = XCBuildConfiguration;
			buildSettings = {
				ALWAYS_EMBED_SWIFT_STANDARD_LIBRARIES = YES;
				BUNDLE_LOADER = "$(TEST_HOST)";
				CODE_SIGN_STYLE = Automatic;
				CURRENT_PROJECT_VERSION = 1;
				GENERATE_INFOPLIST_FILE = YES;
				IPHONEOS_DEPLOYMENT_TARGET = 16.2;
				MARKETING_VERSION = 1.0;
				PRODUCT_BUNDLE_IDENTIFIER = com.andy.RickAndMortyTests;
				PRODUCT_NAME = "$(TARGET_NAME)";
				SWIFT_EMIT_LOC_STRINGS = NO;
				SWIFT_VERSION = 5.0;
				TARGETED_DEVICE_FAMILY = "1,2";
				TEST_HOST = "$(BUILT_PRODUCTS_DIR)/RickAndMorty.app/$(BUNDLE_EXECUTABLE_FOLDER_PATH)/RickAndMorty";
			};
			name = Release;
		};
		3F7D956929B446780079A466 /* Debug */ = {
			isa = XCBuildConfiguration;
			buildSettings = {
				ALWAYS_EMBED_SWIFT_STANDARD_LIBRARIES = YES;
				CODE_SIGN_STYLE = Automatic;
				CURRENT_PROJECT_VERSION = 1;
				GENERATE_INFOPLIST_FILE = YES;
				MARKETING_VERSION = 1.0;
				PRODUCT_BUNDLE_IDENTIFIER = com.andy.RickAndMortyUITests;
				PRODUCT_NAME = "$(TARGET_NAME)";
				SWIFT_EMIT_LOC_STRINGS = NO;
				SWIFT_VERSION = 5.0;
				TARGETED_DEVICE_FAMILY = "1,2";
				TEST_TARGET_NAME = RickAndMorty;
			};
			name = Debug;
		};
		3F7D956A29B446780079A466 /* Release */ = {
			isa = XCBuildConfiguration;
			buildSettings = {
				ALWAYS_EMBED_SWIFT_STANDARD_LIBRARIES = YES;
				CODE_SIGN_STYLE = Automatic;
				CURRENT_PROJECT_VERSION = 1;
				GENERATE_INFOPLIST_FILE = YES;
				MARKETING_VERSION = 1.0;
				PRODUCT_BUNDLE_IDENTIFIER = com.andy.RickAndMortyUITests;
				PRODUCT_NAME = "$(TARGET_NAME)";
				SWIFT_EMIT_LOC_STRINGS = NO;
				SWIFT_VERSION = 5.0;
				TARGETED_DEVICE_FAMILY = "1,2";
				TEST_TARGET_NAME = RickAndMorty;
			};
			name = Release;
		};
/* End XCBuildConfiguration section */

/* Begin XCConfigurationList section */
		3F7D953329B446770079A466 /* Build configuration list for PBXProject "RickAndMorty" */ = {
			isa = XCConfigurationList;
			buildConfigurations = (
				3F7D956029B446780079A466 /* Debug */,
				3F7D956129B446780079A466 /* Release */,
			);
			defaultConfigurationIsVisible = 0;
			defaultConfigurationName = Release;
		};
		3F7D956229B446780079A466 /* Build configuration list for PBXNativeTarget "RickAndMorty" */ = {
			isa = XCConfigurationList;
			buildConfigurations = (
				3F7D956329B446780079A466 /* Debug */,
				3F7D956429B446780079A466 /* Release */,
			);
			defaultConfigurationIsVisible = 0;
			defaultConfigurationName = Release;
		};
		3F7D956529B446780079A466 /* Build configuration list for PBXNativeTarget "RickAndMortyTests" */ = {
			isa = XCConfigurationList;
			buildConfigurations = (
				3F7D956629B446780079A466 /* Debug */,
				3F7D956729B446780079A466 /* Release */,
			);
			defaultConfigurationIsVisible = 0;
			defaultConfigurationName = Release;
		};
		3F7D956829B446780079A466 /* Build configuration list for PBXNativeTarget "RickAndMortyUITests" */ = {
			isa = XCConfigurationList;
			buildConfigurations = (
				3F7D956929B446780079A466 /* Debug */,
				3F7D956A29B446780079A466 /* Release */,
			);
			defaultConfigurationIsVisible = 0;
			defaultConfigurationName = Release;
		};
/* End XCConfigurationList section */
	};
	rootObject = 3F7D953029B446770079A466 /* Project object */;
}
